{
    "name": "@alias/anychain",
    "version": "0.1.0",
    "lockfileVersion": 1,
    "requires": true,
    "dependencies": {
        "libsodium": {
            "version": "0.7.4",
            "resolved": "https://registry.npmjs.org/libsodium/-/libsodium-0.7.4.tgz",
            "integrity": "sha512-fTU3vUdrxQzhPAAjmTSqKk4LzYbR0OtcYjp1P92AlH50JIxXZFEIXWh1yryCmU6RLGfwS2IzBdZjbmpYf/TlyQ=="
        },
        "libsodium-wrappers": {
            "version": "0.7.4",
            "resolved": "https://registry.npmjs.org/libsodium-wrappers/-/libsodium-wrappers-0.7.4.tgz",
            "integrity": "sha512-axKkW01L0q+urLeE7UMSZKWwk4LrRbi6s5pjKBAvbgDBYnsSaolK1oN/Syilm1dqJFkJQNi6qodwOp8dzSoc9Q==",
            "requires": {
                "libsodium": "0.7.4"
            }
        }
    }
}
